
Microsoft Visual Studio Solution File, Format Version 12.00
# Visual Studio Version 17
VisualStudioVersion = 17.5.33516.290
MinimumVisualStudioVersion = 10.0.40219.1
Project("{9A19103F-16F7-4668-BE54-9A1E7A4F7556}") = "Hyper", "Hyper\Hyper.csproj", "{1D22F8D8-A1FE-4F9B-9744-D9944D8C800B}"
EndProject
Project("{2150E333-8FDC-42A3-9474-1A3956D46DE8}") = "Tests", "Tests", "{6B9A8F10-1BCE-4EE6-B3DA-2A251C9F7DD4}"
EndProject
Project("{9A19103F-16F7-4668-BE54-9A1E7A4F7556}") = "HyperTest", "HyperTest\HyperTest.csproj", "{8C7E6BB2-9314-450F-B7D6-828013820EDF}"
EndProject
Project("{2150E333-8FDC-42A3-9474-1A3956D46DE8}") = "Solution Items", "Solution Items", "{CE7C7082-1796-488D-91D8-1454E4E8D125}"
	ProjectSection(SolutionItems) = preProject
		.editorconfig = .editorconfig
	EndProjectSection
EndProject
Project("{FAE04EC0-301F-11D3-BF4B-00C04F79EFBC}") = "Common", "Common\Common.csproj", "{DDF97868-70CB-4880-9DB0-5983E5785DAC}"
EndProject
Project("{FAE04EC0-301F-11D3-BF4B-00C04F79EFBC}") = "Physics", "Physics\Physics.csproj", "{F2F3F62B-51D6-44CC-8162-31D4B47499C8}"
EndProject
Project("{FAE04EC0-301F-11D3-BF4B-00C04F79EFBC}") = "Hud", "Hud\Hud.csproj", "{A20CBCDC-C55E-4555-8410-C42BB27AF564}"
EndProject
Project("{FAE04EC0-301F-11D3-BF4B-00C04F79EFBC}") = "Character", "Character\Character.csproj", "{A889B245-BCD6-4421-8434-061B159EA953}"
EndProject
Project("{FAE04EC0-301F-11D3-BF4B-00C04F79EFBC}") = "Chunks", "Chunks\Chunks.csproj", "{97482968-A73E-422B-9CF4-4B1E351956FC}"
EndProject
Project("{FAE04EC0-301F-11D3-BF4B-00C04F79EFBC}") = "Player", "Player\Player.csproj", "{0997C674-888D-4ABB-94DC-10391EBE504A}"
EndProject
Global
	GlobalSection(SolutionConfigurationPlatforms) = preSolution
		Debug|Any CPU = Debug|Any CPU
		Release|Any CPU = Release|Any CPU
	EndGlobalSection
	GlobalSection(ProjectConfigurationPlatforms) = postSolution
		{1D22F8D8-A1FE-4F9B-9744-D9944D8C800B}.Debug|Any CPU.ActiveCfg = Debug|Any CPU
		{1D22F8D8-A1FE-4F9B-9744-D9944D8C800B}.Debug|Any CPU.Build.0 = Debug|Any CPU
		{1D22F8D8-A1FE-4F9B-9744-D9944D8C800B}.Release|Any CPU.ActiveCfg = Release|Any CPU
		{1D22F8D8-A1FE-4F9B-9744-D9944D8C800B}.Release|Any CPU.Build.0 = Release|Any CPU
		{8C7E6BB2-9314-450F-B7D6-828013820EDF}.Debug|Any CPU.ActiveCfg = Debug|Any CPU
		{8C7E6BB2-9314-450F-B7D6-828013820EDF}.Debug|Any CPU.Build.0 = Debug|Any CPU
		{8C7E6BB2-9314-450F-B7D6-828013820EDF}.Release|Any CPU.ActiveCfg = Release|Any CPU
		{8C7E6BB2-9314-450F-B7D6-828013820EDF}.Release|Any CPU.Build.0 = Release|Any CPU
		{DDF97868-70CB-4880-9DB0-5983E5785DAC}.Debug|Any CPU.ActiveCfg = Debug|Any CPU
		{DDF97868-70CB-4880-9DB0-5983E5785DAC}.Debug|Any CPU.Build.0 = Debug|Any CPU
		{DDF97868-70CB-4880-9DB0-5983E5785DAC}.Release|Any CPU.ActiveCfg = Release|Any CPU
		{DDF97868-70CB-4880-9DB0-5983E5785DAC}.Release|Any CPU.Build.0 = Release|Any CPU
		{F2F3F62B-51D6-44CC-8162-31D4B47499C8}.Debug|Any CPU.ActiveCfg = Debug|Any CPU
		{F2F3F62B-51D6-44CC-8162-31D4B47499C8}.Debug|Any CPU.Build.0 = Debug|Any CPU
		{F2F3F62B-51D6-44CC-8162-31D4B47499C8}.Release|Any CPU.ActiveCfg = Release|Any CPU
		{F2F3F62B-51D6-44CC-8162-31D4B47499C8}.Release|Any CPU.Build.0 = Release|Any CPU
		{A20CBCDC-C55E-4555-8410-C42BB27AF564}.Debug|Any CPU.ActiveCfg = Debug|Any CPU
		{A20CBCDC-C55E-4555-8410-C42BB27AF564}.Debug|Any CPU.Build.0 = Debug|Any CPU
		{A20CBCDC-C55E-4555-8410-C42BB27AF564}.Release|Any CPU.ActiveCfg = Release|Any CPU
		{A20CBCDC-C55E-4555-8410-C42BB27AF564}.Release|Any CPU.Build.0 = Release|Any CPU
		{A889B245-BCD6-4421-8434-061B159EA953}.Debug|Any CPU.ActiveCfg = Debug|Any CPU
		{A889B245-BCD6-4421-8434-061B159EA953}.Debug|Any CPU.Build.0 = Debug|Any CPU
		{A889B245-BCD6-4421-8434-061B159EA953}.Release|Any CPU.ActiveCfg = Release|Any CPU
		{A889B245-BCD6-4421-8434-061B159EA953}.Release|Any CPU.Build.0 = Release|Any CPU
		{97482968-A73E-422B-9CF4-4B1E351956FC}.Debug|Any CPU.ActiveCfg = Debug|Any CPU
		{97482968-A73E-422B-9CF4-4B1E351956FC}.Debug|Any CPU.Build.0 = Debug|Any CPU
		{97482968-A73E-422B-9CF4-4B1E351956FC}.Release|Any CPU.ActiveCfg = Release|Any CPU
		{97482968-A73E-422B-9CF4-4B1E351956FC}.Release|Any CPU.Build.0 = Release|Any CPU
		{0997C674-888D-4ABB-94DC-10391EBE504A}.Debug|Any CPU.ActiveCfg = Debug|Any CPU
		{0997C674-888D-4ABB-94DC-10391EBE504A}.Debug|Any CPU.Build.0 = Debug|Any CPU
		{0997C674-888D-4ABB-94DC-10391EBE504A}.Release|Any CPU.ActiveCfg = Release|Any CPU
		{0997C674-888D-4ABB-94DC-10391EBE504A}.Release|Any CPU.Build.0 = Release|Any CPU
	EndGlobalSection
	GlobalSection(SolutionProperties) = preSolution
		HideSolutionNode = FALSE
	EndGlobalSection
	GlobalSection(NestedProjects) = preSolution
		{8C7E6BB2-9314-450F-B7D6-828013820EDF} = {6B9A8F10-1BCE-4EE6-B3DA-2A251C9F7DD4}
	EndGlobalSection
	GlobalSection(ExtensibilityGlobals) = postSolution
		SolutionGuid = {29B3FFBA-ED9E-48A2-A6F0-730647031DB8}
	EndGlobalSection
EndGlobal
