
Microsoft Visual Studio Solution File, Format Version 12.00
# Visual Studio Version 17
VisualStudioVersion = 17.5.33516.290
MinimumVisualStudioVersion = 10.0.40219.1
Project("{FAE04EC0-301F-11D3-BF4B-00C04F79EFBC}") = "Hyper", "Hyper\Hyper.csproj", "{1D22F8D8-A1FE-4F9B-9744-D9944D8C800B}"
EndProject
Global
	GlobalSection(SolutionConfigurationPlatforms) = preSolution
		Debug|Any CPU = Debug|Any CPU
		Release|Any CPU = Release|Any CPU
	EndGlobalSection
	GlobalSection(ProjectConfigurationPlatforms) = postSolution
		{1D22F8D8-A1FE-4F9B-9744-D9944D8C800B}.Debug|Any CPU.ActiveCfg = Debug|Any CPU
		{1D22F8D8-A1FE-4F9B-9744-D9944D8C800B}.Debug|Any CPU.Build.0 = Debug|Any CPU
		{1D22F8D8-A1FE-4F9B-9744-D9944D8C800B}.Release|Any CPU.ActiveCfg = Release|Any CPU
		{1D22F8D8-A1FE-4F9B-9744-D9944D8C800B}.Release|Any CPU.Build.0 = Release|Any CPU
	EndGlobalSection
	GlobalSection(SolutionProperties) = preSolution
		HideSolutionNode = FALSE
	EndGlobalSection
	GlobalSection(ExtensibilityGlobals) = postSolution
		SolutionGuid = {29B3FFBA-ED9E-48A2-A6F0-730647031DB8}
	EndGlobalSection
EndGlobal
